
Microsoft Visual Studio Solution File, Format Version 12.00
# Visual Studio Version 17
VisualStudioVersion = 17.9.34723.18
MinimumVisualStudioVersion = 10.0.40219.1
Project("{9A19103F-16F7-4668-BE54-9A1E7A4F7556}") = "HDWDotNetCore.ConsoleApp", "HDWDotNetCore.ConsoleApp\HDWDotNetCore.ConsoleApp.csproj", "{B187A255-C6A3-4133-A919-05A637CCB38A}"
EndProject
Project("{2150E333-8FDC-42A3-9474-1A3956D46DE8}") = "Document", "Document", "{AE61C7F3-1497-4E0D-B5EE-FA567634B4C9}"
	ProjectSection(SolutionItems) = preProject
		README.md = README.md
	EndProjectSection
EndProject
Project("{9A19103F-16F7-4668-BE54-9A1E7A4F7556}") = "HDWDotNetCore.RestAPI", "HDWDotNetCoreRestAPI\HDWDotNetCore.RestAPI.csproj", "{62EF7B6C-36FE-4DC9-92CE-913B50D6FCB8}"
EndProject
Project("{9A19103F-16F7-4668-BE54-9A1E7A4F7556}") = "HDWDotNetCore.Shared", "HDWDotNetCore.Shared\HDWDotNetCore.Shared.csproj", "{924B768A-47FE-4EC9-9E49-710F01A70C62}"
EndProject
Project("{9A19103F-16F7-4668-BE54-9A1E7A4F7556}") = "HDWDotNetCore.RestAPIWithNLayer", "HDWDotNetCore.RestAPIWithNLayer\HDWDotNetCore.RestAPIWithNLayer.csproj", "{B32CCCC4-AF0F-4EFE-A3C9-AD71DFB7BA30}"
EndProject
Project("{9A19103F-16F7-4668-BE54-9A1E7A4F7556}") = "HDWDotNetCore.ConsoleAppHttpClientExamples", "HDWDotNetCore.ConsoleAppClientExamples\HDWDotNetCore.ConsoleAppHttpClientExamples.csproj", "{76FC5394-3C16-44DF-8EDE-62E76ECFC399}"
EndProject
Project("{9A19103F-16F7-4668-BE54-9A1E7A4F7556}") = "HDWDotNetCore.ConsoleAppRestClientExamples", "HDWDotNetCore.ConsoleAppRestClientExamples\HDWDotNetCore.ConsoleAppRestClientExamples.csproj", "{3DD62459-16CA-4D43-A154-CF78CDF673AA}"
EndProject
Project("{9A19103F-16F7-4668-BE54-9A1E7A4F7556}") = "HDWDotNetCore.PizzaAPI", "HDWDotNetCore.PizzaAPI\HDWDotNetCore.PizzaAPI.csproj", "{6CBCCCA9-B382-4AEA-B2F8-3BDF34E358CF}"
EndProject
Project("{9A19103F-16F7-4668-BE54-9A1E7A4F7556}") = "HDWDotNetCore.ConsoleAppRefitExamples", "HDWDotNetCore.ConsoleAppRefitExamples\HDWDotNetCore.ConsoleAppRefitExamples.csproj", "{470852B8-671E-43D8-8EAC-E094AF382464}"
EndProject
Project("{FAE04EC0-301F-11D3-BF4B-00C04F79EFBC}") = "HDWDotNetCore.WinFormsApp", "HDWDotNetCore.WinFormsApp\HDWDotNetCore.WinFormsApp.csproj", "{0FC08818-A99C-42C5-9ED4-A13BD8B85EDB}"
EndProject
Global
	GlobalSection(SolutionConfigurationPlatforms) = preSolution
		Debug|Any CPU = Debug|Any CPU
		Release|Any CPU = Release|Any CPU
	EndGlobalSection
	GlobalSection(ProjectConfigurationPlatforms) = postSolution
		{B187A255-C6A3-4133-A919-05A637CCB38A}.Debug|Any CPU.ActiveCfg = Debug|Any CPU
		{B187A255-C6A3-4133-A919-05A637CCB38A}.Debug|Any CPU.Build.0 = Debug|Any CPU
		{B187A255-C6A3-4133-A919-05A637CCB38A}.Release|Any CPU.ActiveCfg = Release|Any CPU
		{B187A255-C6A3-4133-A919-05A637CCB38A}.Release|Any CPU.Build.0 = Release|Any CPU
		{62EF7B6C-36FE-4DC9-92CE-913B50D6FCB8}.Debug|Any CPU.ActiveCfg = Debug|Any CPU
		{62EF7B6C-36FE-4DC9-92CE-913B50D6FCB8}.Debug|Any CPU.Build.0 = Debug|Any CPU
		{62EF7B6C-36FE-4DC9-92CE-913B50D6FCB8}.Release|Any CPU.ActiveCfg = Release|Any CPU
		{62EF7B6C-36FE-4DC9-92CE-913B50D6FCB8}.Release|Any CPU.Build.0 = Release|Any CPU
		{924B768A-47FE-4EC9-9E49-710F01A70C62}.Debug|Any CPU.ActiveCfg = Debug|Any CPU
		{924B768A-47FE-4EC9-9E49-710F01A70C62}.Debug|Any CPU.Build.0 = Debug|Any CPU
		{924B768A-47FE-4EC9-9E49-710F01A70C62}.Release|Any CPU.ActiveCfg = Release|Any CPU
		{924B768A-47FE-4EC9-9E49-710F01A70C62}.Release|Any CPU.Build.0 = Release|Any CPU
		{B32CCCC4-AF0F-4EFE-A3C9-AD71DFB7BA30}.Debug|Any CPU.ActiveCfg = Debug|Any CPU
		{B32CCCC4-AF0F-4EFE-A3C9-AD71DFB7BA30}.Debug|Any CPU.Build.0 = Debug|Any CPU
		{B32CCCC4-AF0F-4EFE-A3C9-AD71DFB7BA30}.Release|Any CPU.ActiveCfg = Release|Any CPU
		{B32CCCC4-AF0F-4EFE-A3C9-AD71DFB7BA30}.Release|Any CPU.Build.0 = Release|Any CPU
		{76FC5394-3C16-44DF-8EDE-62E76ECFC399}.Debug|Any CPU.ActiveCfg = Debug|Any CPU
		{76FC5394-3C16-44DF-8EDE-62E76ECFC399}.Debug|Any CPU.Build.0 = Debug|Any CPU
		{76FC5394-3C16-44DF-8EDE-62E76ECFC399}.Release|Any CPU.ActiveCfg = Release|Any CPU
		{76FC5394-3C16-44DF-8EDE-62E76ECFC399}.Release|Any CPU.Build.0 = Release|Any CPU
		{3DD62459-16CA-4D43-A154-CF78CDF673AA}.Debug|Any CPU.ActiveCfg = Debug|Any CPU
		{3DD62459-16CA-4D43-A154-CF78CDF673AA}.Debug|Any CPU.Build.0 = Debug|Any CPU
		{3DD62459-16CA-4D43-A154-CF78CDF673AA}.Release|Any CPU.ActiveCfg = Release|Any CPU
		{3DD62459-16CA-4D43-A154-CF78CDF673AA}.Release|Any CPU.Build.0 = Release|Any CPU
		{6CBCCCA9-B382-4AEA-B2F8-3BDF34E358CF}.Debug|Any CPU.ActiveCfg = Debug|Any CPU
		{6CBCCCA9-B382-4AEA-B2F8-3BDF34E358CF}.Debug|Any CPU.Build.0 = Debug|Any CPU
		{6CBCCCA9-B382-4AEA-B2F8-3BDF34E358CF}.Release|Any CPU.ActiveCfg = Release|Any CPU
		{6CBCCCA9-B382-4AEA-B2F8-3BDF34E358CF}.Release|Any CPU.Build.0 = Release|Any CPU
		{470852B8-671E-43D8-8EAC-E094AF382464}.Debug|Any CPU.ActiveCfg = Debug|Any CPU
		{470852B8-671E-43D8-8EAC-E094AF382464}.Debug|Any CPU.Build.0 = Debug|Any CPU
		{470852B8-671E-43D8-8EAC-E094AF382464}.Release|Any CPU.ActiveCfg = Release|Any CPU
		{470852B8-671E-43D8-8EAC-E094AF382464}.Release|Any CPU.Build.0 = Release|Any CPU
		{0FC08818-A99C-42C5-9ED4-A13BD8B85EDB}.Debug|Any CPU.ActiveCfg = Debug|Any CPU
		{0FC08818-A99C-42C5-9ED4-A13BD8B85EDB}.Debug|Any CPU.Build.0 = Debug|Any CPU
		{0FC08818-A99C-42C5-9ED4-A13BD8B85EDB}.Release|Any CPU.ActiveCfg = Release|Any CPU
		{0FC08818-A99C-42C5-9ED4-A13BD8B85EDB}.Release|Any CPU.Build.0 = Release|Any CPU
	EndGlobalSection
	GlobalSection(SolutionProperties) = preSolution
		HideSolutionNode = FALSE
	EndGlobalSection
	GlobalSection(ExtensibilityGlobals) = postSolution
		SolutionGuid = {3B3038D8-4257-4249-8772-2F9D41131387}
	EndGlobalSection
EndGlobal
